
Microsoft Visual Studio Solution File, Format Version 12.00
# Visual Studio Version 17
VisualStudioVersion = 17.6.33723.286
MinimumVisualStudioVersion = 10.0.40219.1
Project("{9A19103F-16F7-4668-BE54-9A1E7A4F7556}") = "OdectyStat1", "OdectyStat\OdectyStat1.csproj", "{04494B13-E93B-4AC4-AE56-0D05019B6DCE}"
EndProject
Global
	GlobalSection(SolutionConfigurationPlatforms) = preSolution
		Debug|Any CPU = Debug|Any CPU
		Release|Any CPU = Release|Any CPU
	EndGlobalSection
	GlobalSection(ProjectConfigurationPlatforms) = postSolution
		{04494B13-E93B-4AC4-AE56-0D05019B6DCE}.Debug|Any CPU.ActiveCfg = Debug|Any CPU
		{04494B13-E93B-4AC4-AE56-0D05019B6DCE}.Debug|Any CPU.Build.0 = Debug|Any CPU
		{04494B13-E93B-4AC4-AE56-0D05019B6DCE}.Release|Any CPU.ActiveCfg = Release|Any CPU
		{04494B13-E93B-4AC4-AE56-0D05019B6DCE}.Release|Any CPU.Build.0 = Release|Any CPU
	EndGlobalSection
	GlobalSection(SolutionProperties) = preSolution
		HideSolutionNode = FALSE
	EndGlobalSection
	GlobalSection(ExtensibilityGlobals) = postSolution
		SolutionGuid = {7B125A66-70BE-41B7-BC3F-9E7CCCEC221D}
	EndGlobalSection
EndGlobal
